
Microsoft Visual Studio Solution File, Format Version 12.00
# Visual Studio Version 17
VisualStudioVersion = 17.12.35527.113 d17.12
MinimumVisualStudioVersion = 10.0.40219.1
Project("{FAE04EC0-301F-11D3-BF4B-00C04F79EFBC}") = "006_Application_Plane_Reservation_System", "006_Application_Plane_Reservation_System.csproj", "{A85E4FE5-D14C-4ABA-9553-5003E242D196}"
EndProject
Global
	GlobalSection(SolutionConfigurationPlatforms) = preSolution
		Debug|Any CPU = Debug|Any CPU
		Release|Any CPU = Release|Any CPU
	EndGlobalSection
	GlobalSection(ProjectConfigurationPlatforms) = postSolution
		{A85E4FE5-D14C-4ABA-9553-5003E242D196}.Debug|Any CPU.ActiveCfg = Debug|Any CPU
		{A85E4FE5-D14C-4ABA-9553-5003E242D196}.Debug|Any CPU.Build.0 = Debug|Any CPU
		{A85E4FE5-D14C-4ABA-9553-5003E242D196}.Release|Any CPU.ActiveCfg = Release|Any CPU
		{A85E4FE5-D14C-4ABA-9553-5003E242D196}.Release|Any CPU.Build.0 = Release|Any CPU
	EndGlobalSection
	GlobalSection(SolutionProperties) = preSolution
		HideSolutionNode = FALSE
	EndGlobalSection
EndGlobal
