
Microsoft Visual Studio Solution File, Format Version 12.00
# Visual Studio Version 17
VisualStudioVersion = 17.12.35527.113 d17.12
MinimumVisualStudioVersion = 10.0.40219.1
Project("{FAE04EC0-301F-11D3-BF4B-00C04F79EFBC}") = "005_Application_User_Login_Panel", "005_Application_User_Login_Panel.csproj", "{70FC20F5-91D2-4340-8DE2-D9C6F399F84B}"
EndProject
Global
	GlobalSection(SolutionConfigurationPlatforms) = preSolution
		Debug|Any CPU = Debug|Any CPU
		Release|Any CPU = Release|Any CPU
	EndGlobalSection
	GlobalSection(ProjectConfigurationPlatforms) = postSolution
		{70FC20F5-91D2-4340-8DE2-D9C6F399F84B}.Debug|Any CPU.ActiveCfg = Debug|Any CPU
		{70FC20F5-91D2-4340-8DE2-D9C6F399F84B}.Debug|Any CPU.Build.0 = Debug|Any CPU
		{70FC20F5-91D2-4340-8DE2-D9C6F399F84B}.Release|Any CPU.ActiveCfg = Release|Any CPU
		{70FC20F5-91D2-4340-8DE2-D9C6F399F84B}.Release|Any CPU.Build.0 = Release|Any CPU
	EndGlobalSection
	GlobalSection(SolutionProperties) = preSolution
		HideSolutionNode = FALSE
	EndGlobalSection
EndGlobal
