
Microsoft Visual Studio Solution File, Format Version 12.00
# Visual Studio Version 17
VisualStudioVersion = 17.12.35527.113 d17.12
MinimumVisualStudioVersion = 10.0.40219.1
Project("{FAE04EC0-301F-11D3-BF4B-00C04F79EFBC}") = "002_ComboBox_And_ListBox", "002_ComboBox_And_ListBox.csproj", "{29D19C4D-4DAF-4E93-B096-3815567FE8DE}"
EndProject
Global
	GlobalSection(SolutionConfigurationPlatforms) = preSolution
		Debug|Any CPU = Debug|Any CPU
		Release|Any CPU = Release|Any CPU
	EndGlobalSection
	GlobalSection(ProjectConfigurationPlatforms) = postSolution
		{29D19C4D-4DAF-4E93-B096-3815567FE8DE}.Debug|Any CPU.ActiveCfg = Debug|Any CPU
		{29D19C4D-4DAF-4E93-B096-3815567FE8DE}.Debug|Any CPU.Build.0 = Debug|Any CPU
		{29D19C4D-4DAF-4E93-B096-3815567FE8DE}.Release|Any CPU.ActiveCfg = Release|Any CPU
		{29D19C4D-4DAF-4E93-B096-3815567FE8DE}.Release|Any CPU.Build.0 = Release|Any CPU
	EndGlobalSection
	GlobalSection(SolutionProperties) = preSolution
		HideSolutionNode = FALSE
	EndGlobalSection
EndGlobal
